
Microsoft Visual Studio Solution File, Format Version 12.00
# Visual Studio Version 16
VisualStudioVersion = 16.0.31205.134
MinimumVisualStudioVersion = 10.0.40219.1
Project("{FAE04EC0-301F-11D3-BF4B-00C04F79EFBC}") = "Lab3", "Lab3\Lab3.csproj", "{BAF6E27B-24A2-425F-BAAF-536DD37D1F1C}"
EndProject
Global
	GlobalSection(SolutionConfigurationPlatforms) = preSolution
		Debug|Any CPU = Debug|Any CPU
		Release|Any CPU = Release|Any CPU
	EndGlobalSection
	GlobalSection(ProjectConfigurationPlatforms) = postSolution
		{BAF6E27B-24A2-425F-BAAF-536DD37D1F1C}.Debug|Any CPU.ActiveCfg = Debug|Any CPU
		{BAF6E27B-24A2-425F-BAAF-536DD37D1F1C}.Debug|Any CPU.Build.0 = Debug|Any CPU
		{BAF6E27B-24A2-425F-BAAF-536DD37D1F1C}.Release|Any CPU.ActiveCfg = Release|Any CPU
		{BAF6E27B-24A2-425F-BAAF-536DD37D1F1C}.Release|Any CPU.Build.0 = Release|Any CPU
	EndGlobalSection
	GlobalSection(SolutionProperties) = preSolution
		HideSolutionNode = FALSE
	EndGlobalSection
	GlobalSection(ExtensibilityGlobals) = postSolution
		SolutionGuid = {73DBD1AF-7825-4785-BE9B-2D677C7D2260}
	EndGlobalSection
EndGlobal
